
Microsoft Visual Studio Solution File, Format Version 12.00
# Visual Studio 15
VisualStudioVersion = 15.0.27703.2042
MinimumVisualStudioVersion = 10.0.40219.1
Project("{FAE04EC0-301F-11D3-BF4B-00C04F79EFBC}") = "SrednjeSkole_API", "SrednjeSkole_API\SrednjeSkole_API.csproj", "{5ED83799-C753-451E-987F-9F32F89C3534}"
EndProject
Project("{FAE04EC0-301F-11D3-BF4B-00C04F79EFBC}") = "SrednjeSkole_UI", "SrednjeSkole_UI\SrednjeSkole_UI.csproj", "{D907298E-B306-4205-8665-9E85F191D8FA}"
EndProject
Global
	GlobalSection(SolutionConfigurationPlatforms) = preSolution
		Debug|Any CPU = Debug|Any CPU
		Release|Any CPU = Release|Any CPU
	EndGlobalSection
	GlobalSection(ProjectConfigurationPlatforms) = postSolution
		{5ED83799-C753-451E-987F-9F32F89C3534}.Debug|Any CPU.ActiveCfg = Debug|Any CPU
		{5ED83799-C753-451E-987F-9F32F89C3534}.Debug|Any CPU.Build.0 = Debug|Any CPU
		{5ED83799-C753-451E-987F-9F32F89C3534}.Release|Any CPU.ActiveCfg = Release|Any CPU
		{5ED83799-C753-451E-987F-9F32F89C3534}.Release|Any CPU.Build.0 = Release|Any CPU
		{D907298E-B306-4205-8665-9E85F191D8FA}.Debug|Any CPU.ActiveCfg = Debug|Any CPU
		{D907298E-B306-4205-8665-9E85F191D8FA}.Debug|Any CPU.Build.0 = Debug|Any CPU
		{D907298E-B306-4205-8665-9E85F191D8FA}.Release|Any CPU.ActiveCfg = Release|Any CPU
		{D907298E-B306-4205-8665-9E85F191D8FA}.Release|Any CPU.Build.0 = Release|Any CPU
	EndGlobalSection
	GlobalSection(SolutionProperties) = preSolution
		HideSolutionNode = FALSE
	EndGlobalSection
	GlobalSection(ExtensibilityGlobals) = postSolution
		SolutionGuid = {717B97BF-F399-4018-AB4E-47A9B4747DCB}
	EndGlobalSection
EndGlobal
